
Microsoft Visual Studio Solution File, Format Version 12.00
# Visual Studio 14
VisualStudioVersion = 14.0.25420.1
MinimumVisualStudioVersion = 10.0.40219.1
Project("{FAE04EC0-301F-11D3-BF4B-00C04F79EFBC}") = "EventManager.Droid", "EventManager\EventManager.Droid\EventManager.Droid.csproj", "{DF2A2D83-873C-4ED3-A8E3-4CDF6820BF57}"
EndProject
Project("{FAE04EC0-301F-11D3-BF4B-00C04F79EFBC}") = "EventManager.iOS", "EventManager\EventManager.iOS\EventManager.iOS.csproj", "{AFFEC308-890C-4CD3-883A-6CC5FA0393A9}"
EndProject
Project("{FAE04EC0-301F-11D3-BF4B-00C04F79EFBC}") = "EventManager.WinPhone", "EventManager\EventManager.WinPhone\EventManager.WinPhone.csproj", "{839D628C-6B88-4453-BB4D-F6603621AAA1}"
EndProject
Project("{FAE04EC0-301F-11D3-BF4B-00C04F79EFBC}") = "EventManager.UWP", "EventManager\EventManager.UWP\EventManager.UWP.csproj", "{2D2B6095-3908-4530-9D42-435AA030D233}"
EndProject
Project("{FAE04EC0-301F-11D3-BF4B-00C04F79EFBC}") = "EventManager.Windows", "EventManager\EventManager.Windows\EventManager.Windows.csproj", "{16E44C18-7B51-487E-893B-B9AAE92937E5}"
EndProject
Project("{FAE04EC0-301F-11D3-BF4B-00C04F79EFBC}") = "EventManager", "EventManager\EventManager\EventManager.csproj", "{E8F0BF56-2886-47A4-9995-C1971A7D9D23}"
EndProject
Global
	GlobalSection(SolutionConfigurationPlatforms) = preSolution
		Ad-Hoc|Any CPU = Ad-Hoc|Any CPU
		Ad-Hoc|ARM = Ad-Hoc|ARM
		Ad-Hoc|iPhone = Ad-Hoc|iPhone
		Ad-Hoc|iPhoneSimulator = Ad-Hoc|iPhoneSimulator
		Ad-Hoc|x64 = Ad-Hoc|x64
		Ad-Hoc|x86 = Ad-Hoc|x86
		AppStore|Any CPU = AppStore|Any CPU
		AppStore|ARM = AppStore|ARM
		AppStore|iPhone = AppStore|iPhone
		AppStore|iPhoneSimulator = AppStore|iPhoneSimulator
		AppStore|x64 = AppStore|x64
		AppStore|x86 = AppStore|x86
		Debug|Any CPU = Debug|Any CPU
		Debug|ARM = Debug|ARM
		Debug|iPhone = Debug|iPhone
		Debug|iPhoneSimulator = Debug|iPhoneSimulator
		Debug|x64 = Debug|x64
		Debug|x86 = Debug|x86
		Release|Any CPU = Release|Any CPU
		Release|ARM = Release|ARM
		Release|iPhone = Release|iPhone
		Release|iPhoneSimulator = Release|iPhoneSimulator
		Release|x64 = Release|x64
		Release|x86 = Release|x86
	EndGlobalSection
	GlobalSection(ProjectConfigurationPlatforms) = postSolution
		{DF2A2D83-873C-4ED3-A8E3-4CDF6820BF57}.Ad-Hoc|Any CPU.ActiveCfg = Release|Any CPU
		{DF2A2D83-873C-4ED3-A8E3-4CDF6820BF57}.Ad-Hoc|Any CPU.Build.0 = Release|Any CPU
		{DF2A2D83-873C-4ED3-A8E3-4CDF6820BF57}.Ad-Hoc|Any CPU.Deploy.0 = Release|Any CPU
		{DF2A2D83-873C-4ED3-A8E3-4CDF6820BF57}.Ad-Hoc|ARM.ActiveCfg = Release|Any CPU
		{DF2A2D83-873C-4ED3-A8E3-4CDF6820BF57}.Ad-Hoc|ARM.Build.0 = Release|Any CPU
		{DF2A2D83-873C-4ED3-A8E3-4CDF6820BF57}.Ad-Hoc|ARM.Deploy.0 = Release|Any CPU
		{DF2A2D83-873C-4ED3-A8E3-4CDF6820BF57}.Ad-Hoc|iPhone.ActiveCfg = Release|Any CPU
		{DF2A2D83-873C-4ED3-A8E3-4CDF6820BF57}.Ad-Hoc|iPhone.Build.0 = Release|Any CPU
		{DF2A2D83-873C-4ED3-A8E3-4CDF6820BF57}.Ad-Hoc|iPhone.Deploy.0 = Release|Any CPU
		{DF2A2D83-873C-4ED3-A8E3-4CDF6820BF57}.Ad-Hoc|iPhoneSimulator.ActiveCfg = Release|Any CPU
		{DF2A2D83-873C-4ED3-A8E3-4CDF6820BF57}.Ad-Hoc|iPhoneSimulator.Build.0 = Release|Any CPU
		{DF2A2D83-873C-4ED3-A8E3-4CDF6820BF57}.Ad-Hoc|iPhoneSimulator.Deploy.0 = Release|Any CPU
		{DF2A2D83-873C-4ED3-A8E3-4CDF6820BF57}.Ad-Hoc|x64.ActiveCfg = Release|Any CPU
		{DF2A2D83-873C-4ED3-A8E3-4CDF6820BF57}.Ad-Hoc|x64.Build.0 = Release|Any CPU
		{DF2A2D83-873C-4ED3-A8E3-4CDF6820BF57}.Ad-Hoc|x64.Deploy.0 = Release|Any CPU
		{DF2A2D83-873C-4ED3-A8E3-4CDF6820BF57}.Ad-Hoc|x86.ActiveCfg = Release|Any CPU
		{DF2A2D83-873C-4ED3-A8E3-4CDF6820BF57}.Ad-Hoc|x86.Build.0 = Release|Any CPU
		{DF2A2D83-873C-4ED3-A8E3-4CDF6820BF57}.Ad-Hoc|x86.Deploy.0 = Release|Any CPU
		{DF2A2D83-873C-4ED3-A8E3-4CDF6820BF57}.AppStore|Any CPU.ActiveCfg = Release|Any CPU
		{DF2A2D83-873C-4ED3-A8E3-4CDF6820BF57}.AppStore|Any CPU.Build.0 = Release|Any CPU
		{DF2A2D83-873C-4ED3-A8E3-4CDF6820BF57}.AppStore|Any CPU.Deploy.0 = Release|Any CPU
		{DF2A2D83-873C-4ED3-A8E3-4CDF6820BF57}.AppStore|ARM.ActiveCfg = Release|Any CPU
		{DF2A2D83-873C-4ED3-A8E3-4CDF6820BF57}.AppStore|ARM.Build.0 = Release|Any CPU
		{DF2A2D83-873C-4ED3-A8E3-4CDF6820BF57}.AppStore|ARM.Deploy.0 = Release|Any CPU
		{DF2A2D83-873C-4ED3-A8E3-4CDF6820BF57}.AppStore|iPhone.ActiveCfg = Release|Any CPU
		{DF2A2D83-873C-4ED3-A8E3-4CDF6820BF57}.AppStore|iPhone.Build.0 = Release|Any CPU
		{DF2A2D83-873C-4ED3-A8E3-4CDF6820BF57}.AppStore|iPhone.Deploy.0 = Release|Any CPU
		{DF2A2D83-873C-4ED3-A8E3-4CDF6820BF57}.AppStore|iPhoneSimulator.ActiveCfg = Release|Any CPU
		{DF2A2D83-873C-4ED3-A8E3-4CDF6820BF57}.AppStore|iPhoneSimulator.Build.0 = Release|Any CPU
		{DF2A2D83-873C-4ED3-A8E3-4CDF6820BF57}.AppStore|iPhoneSimulator.Deploy.0 = Release|Any CPU
		{DF2A2D83-873C-4ED3-A8E3-4CDF6820BF57}.AppStore|x64.ActiveCfg = Release|Any CPU
		{DF2A2D83-873C-4ED3-A8E3-4CDF6820BF57}.AppStore|x64.Build.0 = Release|Any CPU
		{DF2A2D83-873C-4ED3-A8E3-4CDF6820BF57}.AppStore|x64.Deploy.0 = Release|Any CPU
		{DF2A2D83-873C-4ED3-A8E3-4CDF6820BF57}.AppStore|x86.ActiveCfg = Release|Any CPU
		{DF2A2D83-873C-4ED3-A8E3-4CDF6820BF57}.AppStore|x86.Build.0 = Release|Any CPU
		{DF2A2D83-873C-4ED3-A8E3-4CDF6820BF57}.AppStore|x86.Deploy.0 = Release|Any CPU
		{DF2A2D83-873C-4ED3-A8E3-4CDF6820BF57}.Debug|Any CPU.ActiveCfg = Debug|Any CPU
		{DF2A2D83-873C-4ED3-A8E3-4CDF6820BF57}.Debug|Any CPU.Build.0 = Debug|Any CPU
		{DF2A2D83-873C-4ED3-A8E3-4CDF6820BF57}.Debug|Any CPU.Deploy.0 = Debug|Any CPU
		{DF2A2D83-873C-4ED3-A8E3-4CDF6820BF57}.Debug|ARM.ActiveCfg = Debug|Any CPU
		{DF2A2D83-873C-4ED3-A8E3-4CDF6820BF57}.Debug|ARM.Build.0 = Debug|Any CPU
		{DF2A2D83-873C-4ED3-A8E3-4CDF6820BF57}.Debug|ARM.Deploy.0 = Debug|Any CPU
		{DF2A2D83-873C-4ED3-A8E3-4CDF6820BF57}.Debug|iPhone.ActiveCfg = Debug|Any CPU
		{DF2A2D83-873C-4ED3-A8E3-4CDF6820BF57}.Debug|iPhone.Build.0 = Debug|Any CPU
		{DF2A2D83-873C-4ED3-A8E3-4CDF6820BF57}.Debug|iPhone.Deploy.0 = Debug|Any CPU
		{DF2A2D83-873C-4ED3-A8E3-4CDF6820BF57}.Debug|iPhoneSimulator.ActiveCfg = Debug|Any CPU
		{DF2A2D83-873C-4ED3-A8E3-4CDF6820BF57}.Debug|iPhoneSimulator.Build.0 = Debug|Any CPU
		{DF2A2D83-873C-4ED3-A8E3-4CDF6820BF57}.Debug|iPhoneSimulator.Deploy.0 = Debug|Any CPU
		{DF2A2D83-873C-4ED3-A8E3-4CDF6820BF57}.Debug|x64.ActiveCfg = Debug|Any CPU
		{DF2A2D83-873C-4ED3-A8E3-4CDF6820BF57}.Debug|x64.Build.0 = Debug|Any CPU
		{DF2A2D83-873C-4ED3-A8E3-4CDF6820BF57}.Debug|x64.Deploy.0 = Debug|Any CPU
		{DF2A2D83-873C-4ED3-A8E3-4CDF6820BF57}.Debug|x86.ActiveCfg = Debug|Any CPU
		{DF2A2D83-873C-4ED3-A8E3-4CDF6820BF57}.Debug|x86.Build.0 = Debug|Any CPU
		{DF2A2D83-873C-4ED3-A8E3-4CDF6820BF57}.Debug|x86.Deploy.0 = Debug|Any CPU
		{DF2A2D83-873C-4ED3-A8E3-4CDF6820BF57}.Release|Any CPU.ActiveCfg = Release|Any CPU
		{DF2A2D83-873C-4ED3-A8E3-4CDF6820BF57}.Release|Any CPU.Build.0 = Release|Any CPU
		{DF2A2D83-873C-4ED3-A8E3-4CDF6820BF57}.Release|Any CPU.Deploy.0 = Release|Any CPU
		{DF2A2D83-873C-4ED3-A8E3-4CDF6820BF57}.Release|ARM.ActiveCfg = Release|Any CPU
		{DF2A2D83-873C-4ED3-A8E3-4CDF6820BF57}.Release|ARM.Build.0 = Release|Any CPU
		{DF2A2D83-873C-4ED3-A8E3-4CDF6820BF57}.Release|ARM.Deploy.0 = Release|Any CPU
		{DF2A2D83-873C-4ED3-A8E3-4CDF6820BF57}.Release|iPhone.ActiveCfg = Release|Any CPU
		{DF2A2D83-873C-4ED3-A8E3-4CDF6820BF57}.Release|iPhone.Build.0 = Release|Any CPU
		{DF2A2D83-873C-4ED3-A8E3-4CDF6820BF57}.Release|iPhone.Deploy.0 = Release|Any CPU
		{DF2A2D83-873C-4ED3-A8E3-4CDF6820BF57}.Release|iPhoneSimulator.ActiveCfg = Release|Any CPU
		{DF2A2D83-873C-4ED3-A8E3-4CDF6820BF57}.Release|iPhoneSimulator.Build.0 = Release|Any CPU
		{DF2A2D83-873C-4ED3-A8E3-4CDF6820BF57}.Release|iPhoneSimulator.Deploy.0 = Release|Any CPU
		{DF2A2D83-873C-4ED3-A8E3-4CDF6820BF57}.Release|x64.ActiveCfg = Release|Any CPU
		{DF2A2D83-873C-4ED3-A8E3-4CDF6820BF57}.Release|x64.Build.0 = Release|Any CPU
		{DF2A2D83-873C-4ED3-A8E3-4CDF6820BF57}.Release|x64.Deploy.0 = Release|Any CPU
		{DF2A2D83-873C-4ED3-A8E3-4CDF6820BF57}.Release|x86.ActiveCfg = Release|Any CPU
		{DF2A2D83-873C-4ED3-A8E3-4CDF6820BF57}.Release|x86.Build.0 = Release|Any CPU
		{DF2A2D83-873C-4ED3-A8E3-4CDF6820BF57}.Release|x86.Deploy.0 = Release|Any CPU
		{AFFEC308-890C-4CD3-883A-6CC5FA0393A9}.Ad-Hoc|Any CPU.ActiveCfg = Ad-Hoc|iPhone
		{AFFEC308-890C-4CD3-883A-6CC5FA0393A9}.Ad-Hoc|ARM.ActiveCfg = Ad-Hoc|iPhone
		{AFFEC308-890C-4CD3-883A-6CC5FA0393A9}.Ad-Hoc|iPhone.ActiveCfg = Ad-Hoc|iPhone
		{AFFEC308-890C-4CD3-883A-6CC5FA0393A9}.Ad-Hoc|iPhone.Build.0 = Ad-Hoc|iPhone
		{AFFEC308-890C-4CD3-883A-6CC5FA0393A9}.Ad-Hoc|iPhoneSimulator.ActiveCfg = Ad-Hoc|iPhoneSimulator
		{AFFEC308-890C-4CD3-883A-6CC5FA0393A9}.Ad-Hoc|iPhoneSimulator.Build.0 = Ad-Hoc|iPhoneSimulator
		{AFFEC308-890C-4CD3-883A-6CC5FA0393A9}.Ad-Hoc|x64.ActiveCfg = Ad-Hoc|iPhone
		{AFFEC308-890C-4CD3-883A-6CC5FA0393A9}.Ad-Hoc|x86.ActiveCfg = Ad-Hoc|iPhone
		{AFFEC308-890C-4CD3-883A-6CC5FA0393A9}.AppStore|Any CPU.ActiveCfg = AppStore|iPhone
		{AFFEC308-890C-4CD3-883A-6CC5FA0393A9}.AppStore|ARM.ActiveCfg = AppStore|iPhone
		{AFFEC308-890C-4CD3-883A-6CC5FA0393A9}.AppStore|iPhone.ActiveCfg = AppStore|iPhone
		{AFFEC308-890C-4CD3-883A-6CC5FA0393A9}.AppStore|iPhone.Build.0 = AppStore|iPhone
		{AFFEC308-890C-4CD3-883A-6CC5FA0393A9}.AppStore|iPhoneSimulator.ActiveCfg = AppStore|iPhoneSimulator
		{AFFEC308-890C-4CD3-883A-6CC5FA0393A9}.AppStore|iPhoneSimulator.Build.0 = AppStore|iPhoneSimulator
		{AFFEC308-890C-4CD3-883A-6CC5FA0393A9}.AppStore|x64.ActiveCfg = AppStore|iPhone
		{AFFEC308-890C-4CD3-883A-6CC5FA0393A9}.AppStore|x86.ActiveCfg = AppStore|iPhone
		{AFFEC308-890C-4CD3-883A-6CC5FA0393A9}.Debug|Any CPU.ActiveCfg = Debug|iPhone
		{AFFEC308-890C-4CD3-883A-6CC5FA0393A9}.Debug|ARM.ActiveCfg = Debug|iPhone
		{AFFEC308-890C-4CD3-883A-6CC5FA0393A9}.Debug|iPhone.ActiveCfg = Debug|iPhone
		{AFFEC308-890C-4CD3-883A-6CC5FA0393A9}.Debug|iPhone.Build.0 = Debug|iPhone
		{AFFEC308-890C-4CD3-883A-6CC5FA0393A9}.Debug|iPhoneSimulator.ActiveCfg = Debug|iPhoneSimulator
		{AFFEC308-890C-4CD3-883A-6CC5FA0393A9}.Debug|iPhoneSimulator.Build.0 = Debug|iPhoneSimulator
		{AFFEC308-890C-4CD3-883A-6CC5FA0393A9}.Debug|x64.ActiveCfg = Debug|iPhone
		{AFFEC308-890C-4CD3-883A-6CC5FA0393A9}.Debug|x86.ActiveCfg = Debug|iPhone
		{AFFEC308-890C-4CD3-883A-6CC5FA0393A9}.Release|Any CPU.ActiveCfg = Release|iPhone
		{AFFEC308-890C-4CD3-883A-6CC5FA0393A9}.Release|ARM.ActiveCfg = Release|iPhone
		{AFFEC308-890C-4CD3-883A-6CC5FA0393A9}.Release|iPhone.ActiveCfg = Release|iPhone
		{AFFEC308-890C-4CD3-883A-6CC5FA0393A9}.Release|iPhone.Build.0 = Release|iPhone
		{AFFEC308-890C-4CD3-883A-6CC5FA0393A9}.Release|iPhoneSimulator.ActiveCfg = Release|iPhoneSimulator
		{AFFEC308-890C-4CD3-883A-6CC5FA0393A9}.Release|iPhoneSimulator.Build.0 = Release|iPhoneSimulator
		{AFFEC308-890C-4CD3-883A-6CC5FA0393A9}.Release|x64.ActiveCfg = Release|iPhone
		{AFFEC308-890C-4CD3-883A-6CC5FA0393A9}.Release|x86.ActiveCfg = Release|iPhone
		{839D628C-6B88-4453-BB4D-F6603621AAA1}.Ad-Hoc|Any CPU.ActiveCfg = Release|Any CPU
		{839D628C-6B88-4453-BB4D-F6603621AAA1}.Ad-Hoc|Any CPU.Build.0 = Release|Any CPU
		{839D628C-6B88-4453-BB4D-F6603621AAA1}.Ad-Hoc|Any CPU.Deploy.0 = Release|Any CPU
		{839D628C-6B88-4453-BB4D-F6603621AAA1}.Ad-Hoc|ARM.ActiveCfg = Release|ARM
		{839D628C-6B88-4453-BB4D-F6603621AAA1}.Ad-Hoc|ARM.Build.0 = Release|ARM
		{839D628C-6B88-4453-BB4D-F6603621AAA1}.Ad-Hoc|ARM.Deploy.0 = Release|ARM
		{839D628C-6B88-4453-BB4D-F6603621AAA1}.Ad-Hoc|iPhone.ActiveCfg = Release|Any CPU
		{839D628C-6B88-4453-BB4D-F6603621AAA1}.Ad-Hoc|iPhone.Build.0 = Release|Any CPU
		{839D628C-6B88-4453-BB4D-F6603621AAA1}.Ad-Hoc|iPhone.Deploy.0 = Release|Any CPU
		{839D628C-6B88-4453-BB4D-F6603621AAA1}.Ad-Hoc|iPhoneSimulator.ActiveCfg = Release|Any CPU
		{839D628C-6B88-4453-BB4D-F6603621AAA1}.Ad-Hoc|iPhoneSimulator.Build.0 = Release|Any CPU
		{839D628C-6B88-4453-BB4D-F6603621AAA1}.Ad-Hoc|iPhoneSimulator.Deploy.0 = Release|Any CPU
		{839D628C-6B88-4453-BB4D-F6603621AAA1}.Ad-Hoc|x64.ActiveCfg = Release|Any CPU
		{839D628C-6B88-4453-BB4D-F6603621AAA1}.Ad-Hoc|x64.Build.0 = Release|Any CPU
		{839D628C-6B88-4453-BB4D-F6603621AAA1}.Ad-Hoc|x64.Deploy.0 = Release|Any CPU
		{839D628C-6B88-4453-BB4D-F6603621AAA1}.Ad-Hoc|x86.ActiveCfg = Release|x86
		{839D628C-6B88-4453-BB4D-F6603621AAA1}.Ad-Hoc|x86.Build.0 = Release|x86
		{839D628C-6B88-4453-BB4D-F6603621AAA1}.Ad-Hoc|x86.Deploy.0 = Release|x86
		{839D628C-6B88-4453-BB4D-F6603621AAA1}.AppStore|Any CPU.ActiveCfg = Release|Any CPU
		{839D628C-6B88-4453-BB4D-F6603621AAA1}.AppStore|Any CPU.Build.0 = Release|Any CPU
		{839D628C-6B88-4453-BB4D-F6603621AAA1}.AppStore|Any CPU.Deploy.0 = Release|Any CPU
		{839D628C-6B88-4453-BB4D-F6603621AAA1}.AppStore|ARM.ActiveCfg = Release|ARM
		{839D628C-6B88-4453-BB4D-F6603621AAA1}.AppStore|ARM.Build.0 = Release|ARM
		{839D628C-6B88-4453-BB4D-F6603621AAA1}.AppStore|ARM.Deploy.0 = Release|ARM
		{839D628C-6B88-4453-BB4D-F6603621AAA1}.AppStore|iPhone.ActiveCfg = Release|Any CPU
		{839D628C-6B88-4453-BB4D-F6603621AAA1}.AppStore|iPhone.Build.0 = Release|Any CPU
		{839D628C-6B88-4453-BB4D-F6603621AAA1}.AppStore|iPhone.Deploy.0 = Release|Any CPU
		{839D628C-6B88-4453-BB4D-F6603621AAA1}.AppStore|iPhoneSimulator.ActiveCfg = Release|Any CPU
		{839D628C-6B88-4453-BB4D-F6603621AAA1}.AppStore|iPhoneSimulator.Build.0 = Release|Any CPU
		{839D628C-6B88-4453-BB4D-F6603621AAA1}.AppStore|iPhoneSimulator.Deploy.0 = Release|Any CPU
		{839D628C-6B88-4453-BB4D-F6603621AAA1}.AppStore|x64.ActiveCfg = Release|Any CPU
		{839D628C-6B88-4453-BB4D-F6603621AAA1}.AppStore|x64.Build.0 = Release|Any CPU
		{839D628C-6B88-4453-BB4D-F6603621AAA1}.AppStore|x64.Deploy.0 = Release|Any CPU
		{839D628C-6B88-4453-BB4D-F6603621AAA1}.AppStore|x86.ActiveCfg = Release|x86
		{839D628C-6B88-4453-BB4D-F6603621AAA1}.AppStore|x86.Build.0 = Release|x86
		{839D628C-6B88-4453-BB4D-F6603621AAA1}.AppStore|x86.Deploy.0 = Release|x86
		{839D628C-6B88-4453-BB4D-F6603621AAA1}.Debug|Any CPU.ActiveCfg = Debug|Any CPU
		{839D628C-6B88-4453-BB4D-F6603621AAA1}.Debug|Any CPU.Build.0 = Debug|Any CPU
		{839D628C-6B88-4453-BB4D-F6603621AAA1}.Debug|Any CPU.Deploy.0 = Debug|Any CPU
		{839D628C-6B88-4453-BB4D-F6603621AAA1}.Debug|ARM.ActiveCfg = Debug|ARM
		{839D628C-6B88-4453-BB4D-F6603621AAA1}.Debug|ARM.Build.0 = Debug|ARM
		{839D628C-6B88-4453-BB4D-F6603621AAA1}.Debug|ARM.Deploy.0 = Debug|ARM
		{839D628C-6B88-4453-BB4D-F6603621AAA1}.Debug|iPhone.ActiveCfg = Debug|Any CPU
		{839D628C-6B88-4453-BB4D-F6603621AAA1}.Debug|iPhone.Build.0 = Debug|Any CPU
		{839D628C-6B88-4453-BB4D-F6603621AAA1}.Debug|iPhone.Deploy.0 = Debug|Any CPU
		{839D628C-6B88-4453-BB4D-F6603621AAA1}.Debug|iPhoneSimulator.ActiveCfg = Debug|Any CPU
		{839D628C-6B88-4453-BB4D-F6603621AAA1}.Debug|iPhoneSimulator.Build.0 = Debug|Any CPU
		{839D628C-6B88-4453-BB4D-F6603621AAA1}.Debug|iPhoneSimulator.Deploy.0 = Debug|Any CPU
		{839D628C-6B88-4453-BB4D-F6603621AAA1}.Debug|x64.ActiveCfg = Debug|Any CPU
		{839D628C-6B88-4453-BB4D-F6603621AAA1}.Debug|x64.Build.0 = Debug|Any CPU
		{839D628C-6B88-4453-BB4D-F6603621AAA1}.Debug|x64.Deploy.0 = Debug|Any CPU
		{839D628C-6B88-4453-BB4D-F6603621AAA1}.Debug|x86.ActiveCfg = Debug|x86
		{839D628C-6B88-4453-BB4D-F6603621AAA1}.Debug|x86.Build.0 = Debug|x86
		{839D628C-6B88-4453-BB4D-F6603621AAA1}.Debug|x86.Deploy.0 = Debug|x86
		{839D628C-6B88-4453-BB4D-F6603621AAA1}.Release|Any CPU.ActiveCfg = Release|Any CPU
		{839D628C-6B88-4453-BB4D-F6603621AAA1}.Release|Any CPU.Build.0 = Release|Any CPU
		{839D628C-6B88-4453-BB4D-F6603621AAA1}.Release|Any CPU.Deploy.0 = Release|Any CPU
		{839D628C-6B88-4453-BB4D-F6603621AAA1}.Release|ARM.ActiveCfg = Release|ARM
		{839D628C-6B88-4453-BB4D-F6603621AAA1}.Release|ARM.Build.0 = Release|ARM
		{839D628C-6B88-4453-BB4D-F6603621AAA1}.Release|ARM.Deploy.0 = Release|ARM
		{839D628C-6B88-4453-BB4D-F6603621AAA1}.Release|iPhone.ActiveCfg = Release|Any CPU
		{839D628C-6B88-4453-BB4D-F6603621AAA1}.Release|iPhone.Build.0 = Release|Any CPU
		{839D628C-6B88-4453-BB4D-F6603621AAA1}.Release|iPhone.Deploy.0 = Release|Any CPU
		{839D628C-6B88-4453-BB4D-F6603621AAA1}.Release|iPhoneSimulator.ActiveCfg = Release|Any CPU
		{839D628C-6B88-4453-BB4D-F6603621AAA1}.Release|iPhoneSimulator.Build.0 = Release|Any CPU
		{839D628C-6B88-4453-BB4D-F6603621AAA1}.Release|iPhoneSimulator.Deploy.0 = Release|Any CPU
		{839D628C-6B88-4453-BB4D-F6603621AAA1}.Release|x64.ActiveCfg = Release|Any CPU
		{839D628C-6B88-4453-BB4D-F6603621AAA1}.Release|x64.Build.0 = Release|Any CPU
		{839D628C-6B88-4453-BB4D-F6603621AAA1}.Release|x64.Deploy.0 = Release|Any CPU
		{839D628C-6B88-4453-BB4D-F6603621AAA1}.Release|x86.ActiveCfg = Release|x86
		{839D628C-6B88-4453-BB4D-F6603621AAA1}.Release|x86.Build.0 = Release|x86
		{839D628C-6B88-4453-BB4D-F6603621AAA1}.Release|x86.Deploy.0 = Release|x86
		{2D2B6095-3908-4530-9D42-435AA030D233}.Ad-Hoc|Any CPU.ActiveCfg = Release|x86
		{2D2B6095-3908-4530-9D42-435AA030D233}.Ad-Hoc|Any CPU.Build.0 = Release|x86
		{2D2B6095-3908-4530-9D42-435AA030D233}.Ad-Hoc|Any CPU.Deploy.0 = Release|x86
		{2D2B6095-3908-4530-9D42-435AA030D233}.Ad-Hoc|ARM.ActiveCfg = Release|ARM
		{2D2B6095-3908-4530-9D42-435AA030D233}.Ad-Hoc|ARM.Build.0 = Release|ARM
		{2D2B6095-3908-4530-9D42-435AA030D233}.Ad-Hoc|ARM.Deploy.0 = Release|ARM
		{2D2B6095-3908-4530-9D42-435AA030D233}.Ad-Hoc|iPhone.ActiveCfg = Release|x86
		{2D2B6095-3908-4530-9D42-435AA030D233}.Ad-Hoc|iPhone.Build.0 = Release|x86
		{2D2B6095-3908-4530-9D42-435AA030D233}.Ad-Hoc|iPhone.Deploy.0 = Release|x86
		{2D2B6095-3908-4530-9D42-435AA030D233}.Ad-Hoc|iPhoneSimulator.ActiveCfg = Release|x86
		{2D2B6095-3908-4530-9D42-435AA030D233}.Ad-Hoc|iPhoneSimulator.Build.0 = Release|x86
		{2D2B6095-3908-4530-9D42-435AA030D233}.Ad-Hoc|iPhoneSimulator.Deploy.0 = Release|x86
		{2D2B6095-3908-4530-9D42-435AA030D233}.Ad-Hoc|x64.ActiveCfg = Release|x64
		{2D2B6095-3908-4530-9D42-435AA030D233}.Ad-Hoc|x64.Build.0 = Release|x64
		{2D2B6095-3908-4530-9D42-435AA030D233}.Ad-Hoc|x64.Deploy.0 = Release|x64
		{2D2B6095-3908-4530-9D42-435AA030D233}.Ad-Hoc|x86.ActiveCfg = Release|x86
		{2D2B6095-3908-4530-9D42-435AA030D233}.Ad-Hoc|x86.Build.0 = Release|x86
		{2D2B6095-3908-4530-9D42-435AA030D233}.Ad-Hoc|x86.Deploy.0 = Release|x86
		{2D2B6095-3908-4530-9D42-435AA030D233}.AppStore|Any CPU.ActiveCfg = Release|x86
		{2D2B6095-3908-4530-9D42-435AA030D233}.AppStore|Any CPU.Build.0 = Release|x86
		{2D2B6095-3908-4530-9D42-435AA030D233}.AppStore|Any CPU.Deploy.0 = Release|x86
		{2D2B6095-3908-4530-9D42-435AA030D233}.AppStore|ARM.ActiveCfg = Release|ARM
		{2D2B6095-3908-4530-9D42-435AA030D233}.AppStore|ARM.Build.0 = Release|ARM
		{2D2B6095-3908-4530-9D42-435AA030D233}.AppStore|ARM.Deploy.0 = Release|ARM
		{2D2B6095-3908-4530-9D42-435AA030D233}.AppStore|iPhone.ActiveCfg = Release|x86
		{2D2B6095-3908-4530-9D42-435AA030D233}.AppStore|iPhone.Build.0 = Release|x86
		{2D2B6095-3908-4530-9D42-435AA030D233}.AppStore|iPhone.Deploy.0 = Release|x86
		{2D2B6095-3908-4530-9D42-435AA030D233}.AppStore|iPhoneSimulator.ActiveCfg = Release|x86
		{2D2B6095-3908-4530-9D42-435AA030D233}.AppStore|iPhoneSimulator.Build.0 = Release|x86
		{2D2B6095-3908-4530-9D42-435AA030D233}.AppStore|iPhoneSimulator.Deploy.0 = Release|x86
		{2D2B6095-3908-4530-9D42-435AA030D233}.AppStore|x64.ActiveCfg = Release|x64
		{2D2B6095-3908-4530-9D42-435AA030D233}.AppStore|x64.Build.0 = Release|x64
		{2D2B6095-3908-4530-9D42-435AA030D233}.AppStore|x64.Deploy.0 = Release|x64
		{2D2B6095-3908-4530-9D42-435AA030D233}.AppStore|x86.ActiveCfg = Release|x86
		{2D2B6095-3908-4530-9D42-435AA030D233}.AppStore|x86.Build.0 = Release|x86
		{2D2B6095-3908-4530-9D42-435AA030D233}.AppStore|x86.Deploy.0 = Release|x86
		{2D2B6095-3908-4530-9D42-435AA030D233}.Debug|Any CPU.ActiveCfg = Debug|x86
		{2D2B6095-3908-4530-9D42-435AA030D233}.Debug|ARM.ActiveCfg = Debug|ARM
		{2D2B6095-3908-4530-9D42-435AA030D233}.Debug|ARM.Build.0 = Debug|ARM
		{2D2B6095-3908-4530-9D42-435AA030D233}.Debug|ARM.Deploy.0 = Debug|ARM
		{2D2B6095-3908-4530-9D42-435AA030D233}.Debug|iPhone.ActiveCfg = Debug|x86
		{2D2B6095-3908-4530-9D42-435AA030D233}.Debug|iPhoneSimulator.ActiveCfg = Debug|x86
		{2D2B6095-3908-4530-9D42-435AA030D233}.Debug|x64.ActiveCfg = Debug|x64
		{2D2B6095-3908-4530-9D42-435AA030D233}.Debug|x64.Build.0 = Debug|x64
		{2D2B6095-3908-4530-9D42-435AA030D233}.Debug|x64.Deploy.0 = Debug|x64
		{2D2B6095-3908-4530-9D42-435AA030D233}.Debug|x86.ActiveCfg = Debug|x86
		{2D2B6095-3908-4530-9D42-435AA030D233}.Debug|x86.Build.0 = Debug|x86
		{2D2B6095-3908-4530-9D42-435AA030D233}.Debug|x86.Deploy.0 = Debug|x86
		{2D2B6095-3908-4530-9D42-435AA030D233}.Release|Any CPU.ActiveCfg = Release|x86
		{2D2B6095-3908-4530-9D42-435AA030D233}.Release|ARM.ActiveCfg = Release|ARM
		{2D2B6095-3908-4530-9D42-435AA030D233}.Release|ARM.Build.0 = Release|ARM
		{2D2B6095-3908-4530-9D42-435AA030D233}.Release|ARM.Deploy.0 = Release|ARM
		{2D2B6095-3908-4530-9D42-435AA030D233}.Release|iPhone.ActiveCfg = Release|x86
		{2D2B6095-3908-4530-9D42-435AA030D233}.Release|iPhoneSimulator.ActiveCfg = Release|x86
		{2D2B6095-3908-4530-9D42-435AA030D233}.Release|x64.ActiveCfg = Release|x64
		{2D2B6095-3908-4530-9D42-435AA030D233}.Release|x64.Build.0 = Release|x64
		{2D2B6095-3908-4530-9D42-435AA030D233}.Release|x64.Deploy.0 = Release|x64
		{2D2B6095-3908-4530-9D42-435AA030D233}.Release|x86.ActiveCfg = Release|x86
		{2D2B6095-3908-4530-9D42-435AA030D233}.Release|x86.Build.0 = Release|x86
		{2D2B6095-3908-4530-9D42-435AA030D233}.Release|x86.Deploy.0 = Release|x86
		{16E44C18-7B51-487E-893B-B9AAE92937E5}.Ad-Hoc|Any CPU.ActiveCfg = Release|Any CPU
		{16E44C18-7B51-487E-893B-B9AAE92937E5}.Ad-Hoc|Any CPU.Build.0 = Release|Any CPU
		{16E44C18-7B51-487E-893B-B9AAE92937E5}.Ad-Hoc|Any CPU.Deploy.0 = Release|Any CPU
		{16E44C18-7B51-487E-893B-B9AAE92937E5}.Ad-Hoc|ARM.ActiveCfg = Release|ARM
		{16E44C18-7B51-487E-893B-B9AAE92937E5}.Ad-Hoc|ARM.Build.0 = Release|ARM
		{16E44C18-7B51-487E-893B-B9AAE92937E5}.Ad-Hoc|ARM.Deploy.0 = Release|ARM
		{16E44C18-7B51-487E-893B-B9AAE92937E5}.Ad-Hoc|iPhone.ActiveCfg = Release|Any CPU
		{16E44C18-7B51-487E-893B-B9AAE92937E5}.Ad-Hoc|iPhone.Build.0 = Release|Any CPU
		{16E44C18-7B51-487E-893B-B9AAE92937E5}.Ad-Hoc|iPhone.Deploy.0 = Release|Any CPU
		{16E44C18-7B51-487E-893B-B9AAE92937E5}.Ad-Hoc|iPhoneSimulator.ActiveCfg = Release|Any CPU
		{16E44C18-7B51-487E-893B-B9AAE92937E5}.Ad-Hoc|iPhoneSimulator.Build.0 = Release|Any CPU
		{16E44C18-7B51-487E-893B-B9AAE92937E5}.Ad-Hoc|iPhoneSimulator.Deploy.0 = Release|Any CPU
		{16E44C18-7B51-487E-893B-B9AAE92937E5}.Ad-Hoc|x64.ActiveCfg = Release|x64
		{16E44C18-7B51-487E-893B-B9AAE92937E5}.Ad-Hoc|x64.Build.0 = Release|x64
		{16E44C18-7B51-487E-893B-B9AAE92937E5}.Ad-Hoc|x64.Deploy.0 = Release|x64
		{16E44C18-7B51-487E-893B-B9AAE92937E5}.Ad-Hoc|x86.ActiveCfg = Release|x86
		{16E44C18-7B51-487E-893B-B9AAE92937E5}.Ad-Hoc|x86.Build.0 = Release|x86
		{16E44C18-7B51-487E-893B-B9AAE92937E5}.Ad-Hoc|x86.Deploy.0 = Release|x86
		{16E44C18-7B51-487E-893B-B9AAE92937E5}.AppStore|Any CPU.ActiveCfg = Release|Any CPU
		{16E44C18-7B51-487E-893B-B9AAE92937E5}.AppStore|Any CPU.Build.0 = Release|Any CPU
		{16E44C18-7B51-487E-893B-B9AAE92937E5}.AppStore|Any CPU.Deploy.0 = Release|Any CPU
		{16E44C18-7B51-487E-893B-B9AAE92937E5}.AppStore|ARM.ActiveCfg = Release|ARM
		{16E44C18-7B51-487E-893B-B9AAE92937E5}.AppStore|ARM.Build.0 = Release|ARM
		{16E44C18-7B51-487E-893B-B9AAE92937E5}.AppStore|ARM.Deploy.0 = Release|ARM
		{16E44C18-7B51-487E-893B-B9AAE92937E5}.AppStore|iPhone.ActiveCfg = Release|Any CPU
		{16E44C18-7B51-487E-893B-B9AAE92937E5}.AppStore|iPhone.Build.0 = Release|Any CPU
		{16E44C18-7B51-487E-893B-B9AAE92937E5}.AppStore|iPhone.Deploy.0 = Release|Any CPU
		{16E44C18-7B51-487E-893B-B9AAE92937E5}.AppStore|iPhoneSimulator.ActiveCfg = Release|Any CPU
		{16E44C18-7B51-487E-893B-B9AAE92937E5}.AppStore|iPhoneSimulator.Build.0 = Release|Any CPU
		{16E44C18-7B51-487E-893B-B9AAE92937E5}.AppStore|iPhoneSimulator.Deploy.0 = Release|Any CPU
		{16E44C18-7B51-487E-893B-B9AAE92937E5}.AppStore|x64.ActiveCfg = Release|x64
		{16E44C18-7B51-487E-893B-B9AAE92937E5}.AppStore|x64.Build.0 = Release|x64
		{16E44C18-7B51-487E-893B-B9AAE92937E5}.AppStore|x64.Deploy.0 = Release|x64
		{16E44C18-7B51-487E-893B-B9AAE92937E5}.AppStore|x86.ActiveCfg = Release|x86
		{16E44C18-7B51-487E-893B-B9AAE92937E5}.AppStore|x86.Build.0 = Release|x86
		{16E44C18-7B51-487E-893B-B9AAE92937E5}.AppStore|x86.Deploy.0 = Release|x86
		{16E44C18-7B51-487E-893B-B9AAE92937E5}.Debug|Any CPU.ActiveCfg = Debug|Any CPU
		{16E44C18-7B51-487E-893B-B9AAE92937E5}.Debug|Any CPU.Build.0 = Debug|Any CPU
		{16E44C18-7B51-487E-893B-B9AAE92937E5}.Debug|Any CPU.Deploy.0 = Debug|Any CPU
		{16E44C18-7B51-487E-893B-B9AAE92937E5}.Debug|ARM.ActiveCfg = Debug|ARM
		{16E44C18-7B51-487E-893B-B9AAE92937E5}.Debug|ARM.Build.0 = Debug|ARM
		{16E44C18-7B51-487E-893B-B9AAE92937E5}.Debug|ARM.Deploy.0 = Debug|ARM
		{16E44C18-7B51-487E-893B-B9AAE92937E5}.Debug|iPhone.ActiveCfg = Debug|Any CPU
		{16E44C18-7B51-487E-893B-B9AAE92937E5}.Debug|iPhone.Build.0 = Debug|Any CPU
		{16E44C18-7B51-487E-893B-B9AAE92937E5}.Debug|iPhone.Deploy.0 = Debug|Any CPU
		{16E44C18-7B51-487E-893B-B9AAE92937E5}.Debug|iPhoneSimulator.ActiveCfg = Debug|Any CPU
		{16E44C18-7B51-487E-893B-B9AAE92937E5}.Debug|iPhoneSimulator.Build.0 = Debug|Any CPU
		{16E44C18-7B51-487E-893B-B9AAE92937E5}.Debug|iPhoneSimulator.Deploy.0 = Debug|Any CPU
		{16E44C18-7B51-487E-893B-B9AAE92937E5}.Debug|x64.ActiveCfg = Debug|x64
		{16E44C18-7B51-487E-893B-B9AAE92937E5}.Debug|x64.Build.0 = Debug|x64
		{16E44C18-7B51-487E-893B-B9AAE92937E5}.Debug|x64.Deploy.0 = Debug|x64
		{16E44C18-7B51-487E-893B-B9AAE92937E5}.Debug|x86.ActiveCfg = Debug|x86
		{16E44C18-7B51-487E-893B-B9AAE92937E5}.Debug|x86.Build.0 = Debug|x86
		{16E44C18-7B51-487E-893B-B9AAE92937E5}.Debug|x86.Deploy.0 = Debug|x86
		{16E44C18-7B51-487E-893B-B9AAE92937E5}.Release|Any CPU.ActiveCfg = Release|Any CPU
		{16E44C18-7B51-487E-893B-B9AAE92937E5}.Release|Any CPU.Build.0 = Release|Any CPU
		{16E44C18-7B51-487E-893B-B9AAE92937E5}.Release|Any CPU.Deploy.0 = Release|Any CPU
		{16E44C18-7B51-487E-893B-B9AAE92937E5}.Release|ARM.ActiveCfg = Release|ARM
		{16E44C18-7B51-487E-893B-B9AAE92937E5}.Release|ARM.Build.0 = Release|ARM
		{16E44C18-7B51-487E-893B-B9AAE92937E5}.Release|ARM.Deploy.0 = Release|ARM
		{16E44C18-7B51-487E-893B-B9AAE92937E5}.Release|iPhone.ActiveCfg = Release|Any CPU
		{16E44C18-7B51-487E-893B-B9AAE92937E5}.Release|iPhone.Build.0 = Release|Any CPU
		{16E44C18-7B51-487E-893B-B9AAE92937E5}.Release|iPhone.Deploy.0 = Release|Any CPU
		{16E44C18-7B51-487E-893B-B9AAE92937E5}.Release|iPhoneSimulator.ActiveCfg = Release|Any CPU
		{16E44C18-7B51-487E-893B-B9AAE92937E5}.Release|iPhoneSimulator.Build.0 = Release|Any CPU
		{16E44C18-7B51-487E-893B-B9AAE92937E5}.Release|iPhoneSimulator.Deploy.0 = Release|Any CPU
		{16E44C18-7B51-487E-893B-B9AAE92937E5}.Release|x64.ActiveCfg = Release|x64
		{16E44C18-7B51-487E-893B-B9AAE92937E5}.Release|x64.Build.0 = Release|x64
		{16E44C18-7B51-487E-893B-B9AAE92937E5}.Release|x64.Deploy.0 = Release|x64
		{16E44C18-7B51-487E-893B-B9AAE92937E5}.Release|x86.ActiveCfg = Release|x86
		{16E44C18-7B51-487E-893B-B9AAE92937E5}.Release|x86.Build.0 = Release|x86
		{16E44C18-7B51-487E-893B-B9AAE92937E5}.Release|x86.Deploy.0 = Release|x86
		{E8F0BF56-2886-47A4-9995-C1971A7D9D23}.Ad-Hoc|Any CPU.ActiveCfg = Release|Any CPU
		{E8F0BF56-2886-47A4-9995-C1971A7D9D23}.Ad-Hoc|Any CPU.Build.0 = Release|Any CPU
		{E8F0BF56-2886-47A4-9995-C1971A7D9D23}.Ad-Hoc|ARM.ActiveCfg = Release|Any CPU
		{E8F0BF56-2886-47A4-9995-C1971A7D9D23}.Ad-Hoc|ARM.Build.0 = Release|Any CPU
		{E8F0BF56-2886-47A4-9995-C1971A7D9D23}.Ad-Hoc|iPhone.ActiveCfg = Release|Any CPU
		{E8F0BF56-2886-47A4-9995-C1971A7D9D23}.Ad-Hoc|iPhone.Build.0 = Release|Any CPU
		{E8F0BF56-2886-47A4-9995-C1971A7D9D23}.Ad-Hoc|iPhoneSimulator.ActiveCfg = Release|Any CPU
		{E8F0BF56-2886-47A4-9995-C1971A7D9D23}.Ad-Hoc|iPhoneSimulator.Build.0 = Release|Any CPU
		{E8F0BF56-2886-47A4-9995-C1971A7D9D23}.Ad-Hoc|x64.ActiveCfg = Release|Any CPU
		{E8F0BF56-2886-47A4-9995-C1971A7D9D23}.Ad-Hoc|x64.Build.0 = Release|Any CPU
		{E8F0BF56-2886-47A4-9995-C1971A7D9D23}.Ad-Hoc|x86.ActiveCfg = Release|Any CPU
		{E8F0BF56-2886-47A4-9995-C1971A7D9D23}.Ad-Hoc|x86.Build.0 = Release|Any CPU
		{E8F0BF56-2886-47A4-9995-C1971A7D9D23}.AppStore|Any CPU.ActiveCfg = Release|Any CPU
		{E8F0BF56-2886-47A4-9995-C1971A7D9D23}.AppStore|Any CPU.Build.0 = Release|Any CPU
		{E8F0BF56-2886-47A4-9995-C1971A7D9D23}.AppStore|ARM.ActiveCfg = Release|Any CPU
		{E8F0BF56-2886-47A4-9995-C1971A7D9D23}.AppStore|ARM.Build.0 = Release|Any CPU
		{E8F0BF56-2886-47A4-9995-C1971A7D9D23}.AppStore|iPhone.ActiveCfg = Release|Any CPU
		{E8F0BF56-2886-47A4-9995-C1971A7D9D23}.AppStore|iPhone.Build.0 = Release|Any CPU
		{E8F0BF56-2886-47A4-9995-C1971A7D9D23}.AppStore|iPhoneSimulator.ActiveCfg = Release|Any CPU
		{E8F0BF56-2886-47A4-9995-C1971A7D9D23}.AppStore|iPhoneSimulator.Build.0 = Release|Any CPU
		{E8F0BF56-2886-47A4-9995-C1971A7D9D23}.AppStore|x64.ActiveCfg = Release|Any CPU
		{E8F0BF56-2886-47A4-9995-C1971A7D9D23}.AppStore|x64.Build.0 = Release|Any CPU
		{E8F0BF56-2886-47A4-9995-C1971A7D9D23}.AppStore|x86.ActiveCfg = Release|Any CPU
		{E8F0BF56-2886-47A4-9995-C1971A7D9D23}.AppStore|x86.Build.0 = Release|Any CPU
		{E8F0BF56-2886-47A4-9995-C1971A7D9D23}.Debug|Any CPU.ActiveCfg = Debug|Any CPU
		{E8F0BF56-2886-47A4-9995-C1971A7D9D23}.Debug|Any CPU.Build.0 = Debug|Any CPU
		{E8F0BF56-2886-47A4-9995-C1971A7D9D23}.Debug|ARM.ActiveCfg = Debug|Any CPU
		{E8F0BF56-2886-47A4-9995-C1971A7D9D23}.Debug|ARM.Build.0 = Debug|Any CPU
		{E8F0BF56-2886-47A4-9995-C1971A7D9D23}.Debug|iPhone.ActiveCfg = Debug|Any CPU
		{E8F0BF56-2886-47A4-9995-C1971A7D9D23}.Debug|iPhone.Build.0 = Debug|Any CPU
		{E8F0BF56-2886-47A4-9995-C1971A7D9D23}.Debug|iPhoneSimulator.ActiveCfg = Debug|Any CPU
		{E8F0BF56-2886-47A4-9995-C1971A7D9D23}.Debug|iPhoneSimulator.Build.0 = Debug|Any CPU
		{E8F0BF56-2886-47A4-9995-C1971A7D9D23}.Debug|x64.ActiveCfg = Debug|Any CPU
		{E8F0BF56-2886-47A4-9995-C1971A7D9D23}.Debug|x64.Build.0 = Debug|Any CPU
		{E8F0BF56-2886-47A4-9995-C1971A7D9D23}.Debug|x86.ActiveCfg = Debug|Any CPU
		{E8F0BF56-2886-47A4-9995-C1971A7D9D23}.Debug|x86.Build.0 = Debug|Any CPU
		{E8F0BF56-2886-47A4-9995-C1971A7D9D23}.Release|Any CPU.ActiveCfg = Release|Any CPU
		{E8F0BF56-2886-47A4-9995-C1971A7D9D23}.Release|Any CPU.Build.0 = Release|Any CPU
		{E8F0BF56-2886-47A4-9995-C1971A7D9D23}.Release|ARM.ActiveCfg = Release|Any CPU
		{E8F0BF56-2886-47A4-9995-C1971A7D9D23}.Release|ARM.Build.0 = Release|Any CPU
		{E8F0BF56-2886-47A4-9995-C1971A7D9D23}.Release|iPhone.ActiveCfg = Release|Any CPU
		{E8F0BF56-2886-47A4-9995-C1971A7D9D23}.Release|iPhone.Build.0 = Release|Any CPU
		{E8F0BF56-2886-47A4-9995-C1971A7D9D23}.Release|iPhoneSimulator.ActiveCfg = Release|Any CPU
		{E8F0BF56-2886-47A4-9995-C1971A7D9D23}.Release|iPhoneSimulator.Build.0 = Release|Any CPU
		{E8F0BF56-2886-47A4-9995-C1971A7D9D23}.Release|x64.ActiveCfg = Release|Any CPU
		{E8F0BF56-2886-47A4-9995-C1971A7D9D23}.Release|x64.Build.0 = Release|Any CPU
		{E8F0BF56-2886-47A4-9995-C1971A7D9D23}.Release|x86.ActiveCfg = Release|Any CPU
		{E8F0BF56-2886-47A4-9995-C1971A7D9D23}.Release|x86.Build.0 = Release|Any CPU
	EndGlobalSection
	GlobalSection(SolutionProperties) = preSolution
		HideSolutionNode = FALSE
	EndGlobalSection
EndGlobal
